
Microsoft Visual Studio Solution File, Format Version 12.00
# Visual Studio Version 17
VisualStudioVersion = 17.14.37531.7
MinimumVisualStudioVersion = 10.0.40219.1
Project("{FAE04EC0-301F-11D3-BF4B-00C04F79EFBC}") = "AdbWirelessToolkitGUI", "AdbWirelessToolkitGUI.csproj", "{1299FE84-30FD-4DCF-8C0F-A065347E5733}"
EndProject
Global
	GlobalSection(SolutionConfigurationPlatforms) = preSolution
		Debug|Any CPU = Debug|Any CPU
		Debug|x64 = Debug|x64
		Debug|x86 = Debug|x86
		Release|Any CPU = Release|Any CPU
		Release|x64 = Release|x64
		Release|x86 = Release|x86
	EndGlobalSection
	GlobalSection(ProjectConfigurationPlatforms) = postSolution
		{1299FE84-30FD-4DCF-8C0F-A065347E5733}.Debug|Any CPU.ActiveCfg = Debug|Any CPU
		{1299FE84-30FD-4DCF-8C0F-A065347E5733}.Debug|Any CPU.Build.0 = Debug|Any CPU
		{1299FE84-30FD-4DCF-8C0F-A065347E5733}.Debug|x64.ActiveCfg = Debug|x64
		{1299FE84-30FD-4DCF-8C0F-A065347E5733}.Debug|x64.Build.0 = Debug|x64
		{1299FE84-30FD-4DCF-8C0F-A065347E5733}.Debug|x86.ActiveCfg = Debug|x86
		{1299FE84-30FD-4DCF-8C0F-A065347E5733}.Debug|x86.Build.0 = Debug|x86
		{1299FE84-30FD-4DCF-8C0F-A065347E5733}.Release|Any CPU.ActiveCfg = Release|Any CPU
		{1299FE84-30FD-4DCF-8C0F-A065347E5733}.Release|Any CPU.Build.0 = Release|Any CPU
		{1299FE84-30FD-4DCF-8C0F-A065347E5733}.Release|x64.ActiveCfg = Debug|x64
		{1299FE84-30FD-4DCF-8C0F-A065347E5733}.Release|x64.Build.0 = Debug|x64
		{1299FE84-30FD-4DCF-8C0F-A065347E5733}.Release|x86.ActiveCfg = Release|x86
		{1299FE84-30FD-4DCF-8C0F-A065347E5733}.Release|x86.Build.0 = Release|x86
	EndGlobalSection
	GlobalSection(SolutionProperties) = preSolution
		HideSolutionNode = FALSE
	EndGlobalSection
	GlobalSection(ExtensibilityGlobals) = postSolution
		SolutionGuid = {A23461EB-6AED-4441-9D82-6492E6D976FA}
	EndGlobalSection
EndGlobal
